
Microsoft Visual Studio Solution File, Format Version 12.00
# Visual Studio Version 16
VisualStudioVersion = 16.0.32002.261
MinimumVisualStudioVersion = 10.0.40219.1
Project("{FAE04EC0-301F-11D3-BF4B-00C04F79EFBC}") = "WinPods", "WinPods\WinPods.csproj", "{8D8680BC-1E6D-4A53-B792-67E540C6A512}"
	ProjectSection(ProjectDependencies) = postProject
		{95B6C5DD-7D2A-4DF9-AB7F-2BA5106DF95F} = {95B6C5DD-7D2A-4DF9-AB7F-2BA5106DF95F}
	EndProjectSection
EndProject
Project("{9A19103F-16F7-4668-BE54-9A1E7A4F7556}") = "WinPods.Core", "WinPods.Core\WinPods.Core.csproj", "{2ECA2991-A73F-4FFA-83BD-1CE663FF14AE}"
EndProject
Project("{FAE04EC0-301F-11D3-BF4B-00C04F79EFBC}") = "WinPods.Service", "WinPods.Service\WinPods.Service.csproj", "{95B6C5DD-7D2A-4DF9-AB7F-2BA5106DF95F}"
EndProject
Global
	GlobalSection(SolutionConfigurationPlatforms) = preSolution
		Debug|Any CPU = Debug|Any CPU
		Debug|ARM = Debug|ARM
		Debug|ARM64 = Debug|ARM64
		Debug|x64 = Debug|x64
		Debug|x86 = Debug|x86
		Release|Any CPU = Release|Any CPU
		Release|ARM = Release|ARM
		Release|ARM64 = Release|ARM64
		Release|x64 = Release|x64
		Release|x86 = Release|x86
	EndGlobalSection
	GlobalSection(ProjectConfigurationPlatforms) = postSolution
		{8D8680BC-1E6D-4A53-B792-67E540C6A512}.Debug|Any CPU.ActiveCfg = Debug|x86
		{8D8680BC-1E6D-4A53-B792-67E540C6A512}.Debug|ARM.ActiveCfg = Debug|ARM
		{8D8680BC-1E6D-4A53-B792-67E540C6A512}.Debug|ARM.Build.0 = Debug|ARM
		{8D8680BC-1E6D-4A53-B792-67E540C6A512}.Debug|ARM.Deploy.0 = Debug|ARM
		{8D8680BC-1E6D-4A53-B792-67E540C6A512}.Debug|ARM64.ActiveCfg = Debug|ARM64
		{8D8680BC-1E6D-4A53-B792-67E540C6A512}.Debug|ARM64.Build.0 = Debug|ARM64
		{8D8680BC-1E6D-4A53-B792-67E540C6A512}.Debug|ARM64.Deploy.0 = Debug|ARM64
		{8D8680BC-1E6D-4A53-B792-67E540C6A512}.Debug|x64.ActiveCfg = Debug|x64
		{8D8680BC-1E6D-4A53-B792-67E540C6A512}.Debug|x64.Build.0 = Debug|x64
		{8D8680BC-1E6D-4A53-B792-67E540C6A512}.Debug|x64.Deploy.0 = Debug|x64
		{8D8680BC-1E6D-4A53-B792-67E540C6A512}.Debug|x86.ActiveCfg = Debug|x86
		{8D8680BC-1E6D-4A53-B792-67E540C6A512}.Debug|x86.Build.0 = Debug|x86
		{8D8680BC-1E6D-4A53-B792-67E540C6A512}.Debug|x86.Deploy.0 = Debug|x86
		{8D8680BC-1E6D-4A53-B792-67E540C6A512}.Release|Any CPU.ActiveCfg = Release|x86
		{8D8680BC-1E6D-4A53-B792-67E540C6A512}.Release|ARM.ActiveCfg = Release|ARM
		{8D8680BC-1E6D-4A53-B792-67E540C6A512}.Release|ARM.Build.0 = Release|ARM
		{8D8680BC-1E6D-4A53-B792-67E540C6A512}.Release|ARM.Deploy.0 = Release|ARM
		{8D8680BC-1E6D-4A53-B792-67E540C6A512}.Release|ARM64.ActiveCfg = Release|ARM64
		{8D8680BC-1E6D-4A53-B792-67E540C6A512}.Release|ARM64.Build.0 = Release|ARM64
		{8D8680BC-1E6D-4A53-B792-67E540C6A512}.Release|ARM64.Deploy.0 = Release|ARM64
		{8D8680BC-1E6D-4A53-B792-67E540C6A512}.Release|x64.ActiveCfg = Release|x64
		{8D8680BC-1E6D-4A53-B792-67E540C6A512}.Release|x64.Build.0 = Release|x64
		{8D8680BC-1E6D-4A53-B792-67E540C6A512}.Release|x64.Deploy.0 = Release|x64
		{8D8680BC-1E6D-4A53-B792-67E540C6A512}.Release|x86.ActiveCfg = Release|x86
		{8D8680BC-1E6D-4A53-B792-67E540C6A512}.Release|x86.Build.0 = Release|x86
		{8D8680BC-1E6D-4A53-B792-67E540C6A512}.Release|x86.Deploy.0 = Release|x86
		{2ECA2991-A73F-4FFA-83BD-1CE663FF14AE}.Debug|Any CPU.ActiveCfg = Debug|Any CPU
		{2ECA2991-A73F-4FFA-83BD-1CE663FF14AE}.Debug|Any CPU.Build.0 = Debug|Any CPU
		{2ECA2991-A73F-4FFA-83BD-1CE663FF14AE}.Debug|ARM.ActiveCfg = Debug|Any CPU
		{2ECA2991-A73F-4FFA-83BD-1CE663FF14AE}.Debug|ARM.Build.0 = Debug|Any CPU
		{2ECA2991-A73F-4FFA-83BD-1CE663FF14AE}.Debug|ARM64.ActiveCfg = Debug|Any CPU
		{2ECA2991-A73F-4FFA-83BD-1CE663FF14AE}.Debug|ARM64.Build.0 = Debug|Any CPU
		{2ECA2991-A73F-4FFA-83BD-1CE663FF14AE}.Debug|x64.ActiveCfg = Debug|Any CPU
		{2ECA2991-A73F-4FFA-83BD-1CE663FF14AE}.Debug|x64.Build.0 = Debug|Any CPU
		{2ECA2991-A73F-4FFA-83BD-1CE663FF14AE}.Debug|x86.ActiveCfg = Debug|Any CPU
		{2ECA2991-A73F-4FFA-83BD-1CE663FF14AE}.Debug|x86.Build.0 = Debug|Any CPU
		{2ECA2991-A73F-4FFA-83BD-1CE663FF14AE}.Release|Any CPU.ActiveCfg = Release|Any CPU
		{2ECA2991-A73F-4FFA-83BD-1CE663FF14AE}.Release|Any CPU.Build.0 = Release|Any CPU
		{2ECA2991-A73F-4FFA-83BD-1CE663FF14AE}.Release|ARM.ActiveCfg = Release|Any CPU
		{2ECA2991-A73F-4FFA-83BD-1CE663FF14AE}.Release|ARM.Build.0 = Release|Any CPU
		{2ECA2991-A73F-4FFA-83BD-1CE663FF14AE}.Release|ARM64.ActiveCfg = Release|Any CPU
		{2ECA2991-A73F-4FFA-83BD-1CE663FF14AE}.Release|ARM64.Build.0 = Release|Any CPU
		{2ECA2991-A73F-4FFA-83BD-1CE663FF14AE}.Release|x64.ActiveCfg = Release|Any CPU
		{2ECA2991-A73F-4FFA-83BD-1CE663FF14AE}.Release|x64.Build.0 = Release|Any CPU
		{2ECA2991-A73F-4FFA-83BD-1CE663FF14AE}.Release|x86.ActiveCfg = Release|Any CPU
		{2ECA2991-A73F-4FFA-83BD-1CE663FF14AE}.Release|x86.Build.0 = Release|Any CPU
		{95B6C5DD-7D2A-4DF9-AB7F-2BA5106DF95F}.Debug|Any CPU.ActiveCfg = Debug|Any CPU
		{95B6C5DD-7D2A-4DF9-AB7F-2BA5106DF95F}.Debug|Any CPU.Build.0 = Debug|Any CPU
		{95B6C5DD-7D2A-4DF9-AB7F-2BA5106DF95F}.Debug|ARM.ActiveCfg = Debug|Any CPU
		{95B6C5DD-7D2A-4DF9-AB7F-2BA5106DF95F}.Debug|ARM.Build.0 = Debug|Any CPU
		{95B6C5DD-7D2A-4DF9-AB7F-2BA5106DF95F}.Debug|ARM64.ActiveCfg = Debug|Any CPU
		{95B6C5DD-7D2A-4DF9-AB7F-2BA5106DF95F}.Debug|ARM64.Build.0 = Debug|Any CPU
		{95B6C5DD-7D2A-4DF9-AB7F-2BA5106DF95F}.Debug|x64.ActiveCfg = Debug|Any CPU
		{95B6C5DD-7D2A-4DF9-AB7F-2BA5106DF95F}.Debug|x64.Build.0 = Debug|Any CPU
		{95B6C5DD-7D2A-4DF9-AB7F-2BA5106DF95F}.Debug|x86.ActiveCfg = Debug|Any CPU
		{95B6C5DD-7D2A-4DF9-AB7F-2BA5106DF95F}.Debug|x86.Build.0 = Debug|Any CPU
		{95B6C5DD-7D2A-4DF9-AB7F-2BA5106DF95F}.Release|Any CPU.ActiveCfg = Release|Any CPU
		{95B6C5DD-7D2A-4DF9-AB7F-2BA5106DF95F}.Release|Any CPU.Build.0 = Release|Any CPU
		{95B6C5DD-7D2A-4DF9-AB7F-2BA5106DF95F}.Release|ARM.ActiveCfg = Release|Any CPU
		{95B6C5DD-7D2A-4DF9-AB7F-2BA5106DF95F}.Release|ARM.Build.0 = Release|Any CPU
		{95B6C5DD-7D2A-4DF9-AB7F-2BA5106DF95F}.Release|ARM64.ActiveCfg = Release|Any CPU
		{95B6C5DD-7D2A-4DF9-AB7F-2BA5106DF95F}.Release|ARM64.Build.0 = Release|Any CPU
		{95B6C5DD-7D2A-4DF9-AB7F-2BA5106DF95F}.Release|x64.ActiveCfg = Release|Any CPU
		{95B6C5DD-7D2A-4DF9-AB7F-2BA5106DF95F}.Release|x64.Build.0 = Release|Any CPU
		{95B6C5DD-7D2A-4DF9-AB7F-2BA5106DF95F}.Release|x86.ActiveCfg = Release|Any CPU
		{95B6C5DD-7D2A-4DF9-AB7F-2BA5106DF95F}.Release|x86.Build.0 = Release|Any CPU
	EndGlobalSection
	GlobalSection(SolutionProperties) = preSolution
		HideSolutionNode = FALSE
	EndGlobalSection
	GlobalSection(ExtensibilityGlobals) = postSolution
		SolutionGuid = {ACA7EB79-B4D7-4D03-B0AF-3B2950C70E21}
	EndGlobalSection
EndGlobal
